
Microsoft Visual Studio Solution File, Format Version 12.00
# Visual Studio Version 16
VisualStudioVersion = 16.0.31624.102
MinimumVisualStudioVersion = 10.0.40219.1
Project("{FAE04EC0-301F-11D3-BF4B-00C04F79EFBC}") = "WpfApp", "WpfApp\WpfApp.csproj", "{5BB44418-8E46-4C60-BE8F-1A9006A31584}"
EndProject
Global
	GlobalSection(SolutionConfigurationPlatforms) = preSolution
		Debug|Any CPU = Debug|Any CPU
		Release|Any CPU = Release|Any CPU
	EndGlobalSection
	GlobalSection(ProjectConfigurationPlatforms) = postSolution
		{5BB44418-8E46-4C60-BE8F-1A9006A31584}.Debug|Any CPU.ActiveCfg = Debug|Any CPU
		{5BB44418-8E46-4C60-BE8F-1A9006A31584}.Debug|Any CPU.Build.0 = Debug|Any CPU
		{5BB44418-8E46-4C60-BE8F-1A9006A31584}.Release|Any CPU.ActiveCfg = Release|Any CPU
		{5BB44418-8E46-4C60-BE8F-1A9006A31584}.Release|Any CPU.Build.0 = Release|Any CPU
	EndGlobalSection
	GlobalSection(SolutionProperties) = preSolution
		HideSolutionNode = FALSE
	EndGlobalSection
	GlobalSection(ExtensibilityGlobals) = postSolution
		SolutionGuid = {28758507-9D30-4BAB-BC7B-DD45F2BE11EE}
	EndGlobalSection
EndGlobal
